// !$*UTF8*$!
{
	archiveVersion = 1;
	classes = {
	};
	objectVersion = 50;
	objects = {

/* Begin PBXBuildFile section */
		E40AE0892555C7BF00F1CB8F /* Help.swift in Sources */ = {isa = PBXBuildFile; fileRef = E40AE0882555C7BF00F1CB8F /* Help.swift */; };
		E43BCAE9254F51A90076BEA4 /* Chalkboard.ttc in Resources */ = {isa = PBXBuildFile; fileRef = E43BCAE8254F51A90076BEA4 /* Chalkboard.ttc */; };
		E43BCAF9254FAED80076BEA4 /* PlaySound.swift in Sources */ = {isa = PBXBuildFile; fileRef = E43BCAF8254FAED80076BEA4 /* PlaySound.swift */; };
		E43BCB0F254FC0F00076BEA4 /* start-chime.mp3 in Resources */ = {isa = PBXBuildFile; fileRef = E43BCB0E254FC0F00076BEA4 /* start-chime.mp3 */; };
		E43BCB17254FC0FC0076BEA4 /* Countdown.swift in Sources */ = {isa = PBXBuildFile; fileRef = E43BCB16254FC0FC0076BEA4 /* Countdown.swift */; };
		E4754D2E25591E3F0061DD24 /* SurvivorCountdown.swift in Sources */ = {isa = PBXBuildFile; fileRef = E4754D2D25591E3F0061DD24 /* SurvivorCountdown.swift */; };
		E4A55783254E229C008BE6D1 /* PauseMenu.swift in Sources */ = {isa = PBXBuildFile; fileRef = E4A55782254E229C008BE6D1 /* PauseMenu.swift */; };
		E4A5578B254E99CA008BE6D1 /* GameOver.swift in Sources */ = {isa = PBXBuildFile; fileRef = E4A5578A254E99C9008BE6D1 /* GameOver.swift */; };
		E4A55799254E9BD5008BE6D1 /* PlayAgainButton.swift in Sources */ = {isa = PBXBuildFile; fileRef = E4A55798254E9BD5008BE6D1 /* PlayAgainButton.swift */; };
		E4B4CBCC2550A0570004DA8C /* sorting-track.wav in Resources */ = {isa = PBXBuildFile; fileRef = E4B4CBCB2550A0570004DA8C /* sorting-track.wav */; };
		E4C2635825552777006E3EEB /* SurvivorSortingCenter.swift in Sources */ = {isa = PBXBuildFile; fileRef = E4C2635725552777006E3EEB /* SurvivorSortingCenter.swift */; };
		E4C26360255530A5006E3EEB /* SurvivorTimer.swift in Sources */ = {isa = PBXBuildFile; fileRef = E4C2635F255530A5006E3EEB /* SurvivorTimer.swift */; };
		E4CA094B25491D3200C8993B /* Project_Triple_SApp.swift in Sources */ = {isa = PBXBuildFile; fileRef = E4CA094A25491D3200C8993B /* Project_Triple_SApp.swift */; };
		E4CA094D25491D3200C8993B /* ContentView.swift in Sources */ = {isa = PBXBuildFile; fileRef = E4CA094C25491D3200C8993B /* ContentView.swift */; };
		E4CA094F25491D3500C8993B /* Assets.xcassets in Resources */ = {isa = PBXBuildFile; fileRef = E4CA094E25491D3500C8993B /* Assets.xcassets */; };
		E4CA095225491D3500C8993B /* Preview Assets.xcassets in Resources */ = {isa = PBXBuildFile; fileRef = E4CA095125491D3500C8993B /* Preview Assets.xcassets */; };
		E4CA095D25491D3500C8993B /* Project_Triple_STests.swift in Sources */ = {isa = PBXBuildFile; fileRef = E4CA095C25491D3500C8993B /* Project_Triple_STests.swift */; };
		E4CA096825491D3500C8993B /* Project_Triple_SUITests.swift in Sources */ = {isa = PBXBuildFile; fileRef = E4CA096725491D3500C8993B /* Project_Triple_SUITests.swift */; };
		E4CA09792549212E00C8993B /* SortingCenter.swift in Sources */ = {isa = PBXBuildFile; fileRef = E4CA09782549212E00C8993B /* SortingCenter.swift */; };
		E4CA098225492FD800C8993B /* Utensil.swift in Sources */ = {isa = PBXBuildFile; fileRef = E4CA098125492FD800C8993B /* Utensil.swift */; };
		E4CA099A254940E700C8993B /* AppDelegate.swift in Sources */ = {isa = PBXBuildFile; fileRef = E4CA0999254940E700C8993B /* AppDelegate.swift */; };
		E4CA099C254940E700C8993B /* ContentView.swift in Sources */ = {isa = PBXBuildFile; fileRef = E4CA099B254940E700C8993B /* ContentView.swift */; };
		E4CA099E254940EA00C8993B /* Assets.xcassets in Resources */ = {isa = PBXBuildFile; fileRef = E4CA099D254940EA00C8993B /* Assets.xcassets */; };
		E4CA09A1254940EA00C8993B /* Preview Assets.xcassets in Resources */ = {isa = PBXBuildFile; fileRef = E4CA09A0254940EA00C8993B /* Preview Assets.xcassets */; };
		E4CA09A4254940EA00C8993B /* Main.storyboard in Resources */ = {isa = PBXBuildFile; fileRef = E4CA09A2254940EA00C8993B /* Main.storyboard */; };
		E4CA09B0254940EA00C8993B /* Project_Triple_S_MacTests.swift in Sources */ = {isa = PBXBuildFile; fileRef = E4CA09AF254940EA00C8993B /* Project_Triple_S_MacTests.swift */; };
		E4CA09BB254940EA00C8993B /* Project_Triple_S_MacUITests.swift in Sources */ = {isa = PBXBuildFile; fileRef = E4CA09BA254940EA00C8993B /* Project_Triple_S_MacUITests.swift */; };
		E4CA09DA2549417700C8993B /* Utensil.swift in Sources */ = {isa = PBXBuildFile; fileRef = E4CA098125492FD800C8993B /* Utensil.swift */; };
		E4CA09DC2549417700C8993B /* Assets.xcassets in Resources */ = {isa = PBXBuildFile; fileRef = E4CA094E25491D3500C8993B /* Assets.xcassets */; };
		E4CA09EF254941AF00C8993B /* SortingCenter.swift in Sources */ = {isa = PBXBuildFile; fileRef = E4CA09782549212E00C8993B /* SortingCenter.swift */; };
		E4CA0A092549466800C8993B /* StartView.swift in Sources */ = {isa = PBXBuildFile; fileRef = E4CA0A082549466700C8993B /* StartView.swift */; };
		E4E1A7F32549E8EF0092A4BC /* GameTimer.swift in Sources */ = {isa = PBXBuildFile; fileRef = E4E1A7F22549E8EF0092A4BC /* GameTimer.swift */; };
		E4FF5C4B254CB85100DA6923 /* RestartButton.swift in Sources */ = {isa = PBXBuildFile; fileRef = E4FF5C4A254CB85100DA6923 /* RestartButton.swift */; };
/* End PBXBuildFile section */

/* Begin PBXContainerItemProxy section */
		E4CA095925491D3500C8993B /* PBXContainerItemProxy */ = {
			isa = PBXContainerItemProxy;
			containerPortal = E4CA093F25491D3100C8993B /* Project object */;
			proxyType = 1;
			remoteGlobalIDString = E4CA094625491D3200C8993B;
			remoteInfo = "Project-Triple-S";
		};
		E4CA096425491D3500C8993B /* PBXContainerItemProxy */ = {
			isa = PBXContainerItemProxy;
			containerPortal = E4CA093F25491D3100C8993B /* Project object */;
			proxyType = 1;
			remoteGlobalIDString = E4CA094625491D3200C8993B;
			remoteInfo = "Project-Triple-S";
		};
		E4CA09AC254940EA00C8993B /* PBXContainerItemProxy */ = {
			isa = PBXContainerItemProxy;
			containerPortal = E4CA093F25491D3100C8993B /* Project object */;
			proxyType = 1;
			remoteGlobalIDString = E4CA0996254940E700C8993B;
			remoteInfo = "Project-Triple-S-Mac";
		};
		E4CA09B7254940EA00C8993B /* PBXContainerItemProxy */ = {
			isa = PBXContainerItemProxy;
			containerPortal = E4CA093F25491D3100C8993B /* Project object */;
			proxyType = 1;
			remoteGlobalIDString = E4CA0996254940E700C8993B;
			remoteInfo = "Project-Triple-S-Mac";
		};
/* End PBXContainerItemProxy section */

/* Begin PBXFileReference section */
		E40AE0882555C7BF00F1CB8F /* Help.swift */ = {isa = PBXFileReference; lastKnownFileType = sourcecode.swift; path = Help.swift; sourceTree = "<group>"; };
		E43BCAE8254F51A90076BEA4 /* Chalkboard.ttc */ = {isa = PBXFileReference; lastKnownFileType = file; path = Chalkboard.ttc; sourceTree = "<group>"; };
		E43BCAF8254FAED80076BEA4 /* PlaySound.swift */ = {isa = PBXFileReference; lastKnownFileType = sourcecode.swift; path = PlaySound.swift; sourceTree = "<group>"; };
		E43BCB0E254FC0F00076BEA4 /* start-chime.mp3 */ = {isa = PBXFileReference; lastKnownFileType = audio.mp3; name = "start-chime.mp3"; path = "../start-chime.mp3"; sourceTree = "<group>"; };
		E43BCB16254FC0FC0076BEA4 /* Countdown.swift */ = {isa = PBXFileReference; lastKnownFileType = sourcecode.swift; path = Countdown.swift; sourceTree = "<group>"; };
		E4754D2D25591E3F0061DD24 /* SurvivorCountdown.swift */ = {isa = PBXFileReference; lastKnownFileType = sourcecode.swift; path = SurvivorCountdown.swift; sourceTree = "<group>"; };
		E4A55782254E229C008BE6D1 /* PauseMenu.swift */ = {isa = PBXFileReference; lastKnownFileType = sourcecode.swift; path = PauseMenu.swift; sourceTree = "<group>"; };
		E4A5578A254E99C9008BE6D1 /* GameOver.swift */ = {isa = PBXFileReference; lastKnownFileType = sourcecode.swift; path = GameOver.swift; sourceTree = "<group>"; };
		E4A55798254E9BD5008BE6D1 /* PlayAgainButton.swift */ = {isa = PBXFileReference; lastKnownFileType = sourcecode.swift; path = PlayAgainButton.swift; sourceTree = "<group>"; };
		E4B4CBCB2550A0570004DA8C /* sorting-track.wav */ = {isa = PBXFileReference; lastKnownFileType = audio.wav; name = "sorting-track.wav"; path = "../sorting-track.wav"; sourceTree = "<group>"; };
		E4C2635725552777006E3EEB /* SurvivorSortingCenter.swift */ = {isa = PBXFileReference; lastKnownFileType = sourcecode.swift; path = SurvivorSortingCenter.swift; sourceTree = "<group>"; };
		E4C2635F255530A5006E3EEB /* SurvivorTimer.swift */ = {isa = PBXFileReference; lastKnownFileType = sourcecode.swift; path = SurvivorTimer.swift; sourceTree = "<group>"; };
		E4CA094725491D3200C8993B /* Project-Triple-S.app */ = {isa = PBXFileReference; explicitFileType = wrapper.application; includeInIndex = 0; path = "Project-Triple-S.app"; sourceTree = BUILT_PRODUCTS_DIR; };
		E4CA094A25491D3200C8993B /* Project_Triple_SApp.swift */ = {isa = PBXFileReference; lastKnownFileType = sourcecode.swift; path = Project_Triple_SApp.swift; sourceTree = "<group>"; };
		E4CA094C25491D3200C8993B /* ContentView.swift */ = {isa = PBXFileReference; lastKnownFileType = sourcecode.swift; path = ContentView.swift; sourceTree = "<group>"; };
		E4CA094E25491D3500C8993B /* Assets.xcassets */ = {isa = PBXFileReference; lastKnownFileType = folder.assetcatalog; path = Assets.xcassets; sourceTree = "<group>"; };
		E4CA095125491D3500C8993B /* Preview Assets.xcassets */ = {isa = PBXFileReference; lastKnownFileType = folder.assetcatalog; path = "Preview Assets.xcassets"; sourceTree = "<group>"; };
		E4CA095325491D3500C8993B /* Info.plist */ = {isa = PBXFileReference; lastKnownFileType = text.plist.xml; path = Info.plist; sourceTree = "<group>"; };
		E4CA095825491D3500C8993B /* Project-Triple-STests.xctest */ = {isa = PBXFileReference; explicitFileType = wrapper.cfbundle; includeInIndex = 0; path = "Project-Triple-STests.xctest"; sourceTree = BUILT_PRODUCTS_DIR; };
		E4CA095C25491D3500C8993B /* Project_Triple_STests.swift */ = {isa = PBXFileReference; lastKnownFileType = sourcecode.swift; path = Project_Triple_STests.swift; sourceTree = "<group>"; };
		E4CA095E25491D3500C8993B /* Info.plist */ = {isa = PBXFileReference; lastKnownFileType = text.plist.xml; path = Info.plist; sourceTree = "<group>"; };
		E4CA096325491D3500C8993B /* Project-Triple-SUITests.xctest */ = {isa = PBXFileReference; explicitFileType = wrapper.cfbundle; includeInIndex = 0; path = "Project-Triple-SUITests.xctest"; sourceTree = BUILT_PRODUCTS_DIR; };
		E4CA096725491D3500C8993B /* Project_Triple_SUITests.swift */ = {isa = PBXFileReference; lastKnownFileType = sourcecode.swift; path = Project_Triple_SUITests.swift; sourceTree = "<group>"; };
		E4CA096925491D3500C8993B /* Info.plist */ = {isa = PBXFileReference; lastKnownFileType = text.plist.xml; path = Info.plist; sourceTree = "<group>"; };
		E4CA09782549212E00C8993B /* SortingCenter.swift */ = {isa = PBXFileReference; lastKnownFileType = sourcecode.swift; path = SortingCenter.swift; sourceTree = "<group>"; };
		E4CA098125492FD800C8993B /* Utensil.swift */ = {isa = PBXFileReference; lastKnownFileType = sourcecode.swift; path = Utensil.swift; sourceTree = "<group>"; };
		E4CA098625493D8D00C8993B /* Project-Triple-S.entitlements */ = {isa = PBXFileReference; lastKnownFileType = text.plist.entitlements; path = "Project-Triple-S.entitlements"; sourceTree = "<group>"; };
		E4CA0997254940E700C8993B /* Project-Triple-S-Mac.app */ = {isa = PBXFileReference; explicitFileType = wrapper.application; includeInIndex = 0; path = "Project-Triple-S-Mac.app"; sourceTree = BUILT_PRODUCTS_DIR; };
		E4CA0999254940E700C8993B /* AppDelegate.swift */ = {isa = PBXFileReference; lastKnownFileType = sourcecode.swift; path = AppDelegate.swift; sourceTree = "<group>"; };
		E4CA099B254940E700C8993B /* ContentView.swift */ = {isa = PBXFileReference; lastKnownFileType = sourcecode.swift; path = ContentView.swift; sourceTree = "<group>"; };
		E4CA099D254940EA00C8993B /* Assets.xcassets */ = {isa = PBXFileReference; lastKnownFileType = folder.assetcatalog; path = Assets.xcassets; sourceTree = "<group>"; };
		E4CA09A0254940EA00C8993B /* Preview Assets.xcassets */ = {isa = PBXFileReference; lastKnownFileType = folder.assetcatalog; path = "Preview Assets.xcassets"; sourceTree = "<group>"; };
		E4CA09A3254940EA00C8993B /* Base */ = {isa = PBXFileReference; lastKnownFileType = file.storyboard; name = Base; path = Base.lproj/Main.storyboard; sourceTree = "<group>"; };
		E4CA09A5254940EA00C8993B /* Info.plist */ = {isa = PBXFileReference; lastKnownFileType = text.plist.xml; path = Info.plist; sourceTree = "<group>"; };
		E4CA09A6254940EA00C8993B /* Project_Triple_S_Mac.entitlements */ = {isa = PBXFileReference; lastKnownFileType = text.plist.entitlements; path = Project_Triple_S_Mac.entitlements; sourceTree = "<group>"; };
		E4CA09AB254940EA00C8993B /* Project-Triple-S-MacTests.xctest */ = {isa = PBXFileReference; explicitFileType = wrapper.cfbundle; includeInIndex = 0; path = "Project-Triple-S-MacTests.xctest"; sourceTree = BUILT_PRODUCTS_DIR; };
		E4CA09AF254940EA00C8993B /* Project_Triple_S_MacTests.swift */ = {isa = PBXFileReference; lastKnownFileType = sourcecode.swift; path = Project_Triple_S_MacTests.swift; sourceTree = "<group>"; };
		E4CA09B1254940EA00C8993B /* Info.plist */ = {isa = PBXFileReference; lastKnownFileType = text.plist.xml; path = Info.plist; sourceTree = "<group>"; };
		E4CA09B6254940EA00C8993B /* Project-Triple-S-MacUITests.xctest */ = {isa = PBXFileReference; explicitFileType = wrapper.cfbundle; includeInIndex = 0; path = "Project-Triple-S-MacUITests.xctest"; sourceTree = BUILT_PRODUCTS_DIR; };
		E4CA09BA254940EA00C8993B /* Project_Triple_S_MacUITests.swift */ = {isa = PBXFileReference; lastKnownFileType = sourcecode.swift; path = Project_Triple_S_MacUITests.swift; sourceTree = "<group>"; };
		E4CA09BC254940EA00C8993B /* Info.plist */ = {isa = PBXFileReference; lastKnownFileType = text.plist.xml; path = Info.plist; sourceTree = "<group>"; };
		E4CA0A082549466700C8993B /* StartView.swift */ = {isa = PBXFileReference; lastKnownFileType = sourcecode.swift; path = StartView.swift; sourceTree = "<group>"; };
		E4E1A7F22549E8EF0092A4BC /* GameTimer.swift */ = {isa = PBXFileReference; lastKnownFileType = sourcecode.swift; path = GameTimer.swift; sourceTree = "<group>"; };
		E4FF5C4A254CB85100DA6923 /* RestartButton.swift */ = {isa = PBXFileReference; lastKnownFileType = sourcecode.swift; path = RestartButton.swift; sourceTree = "<group>"; };
/* End PBXFileReference section */

/* Begin PBXFrameworksBuildPhase section */
		E4CA094425491D3200C8993B /* Frameworks */ = {
			isa = PBXFrameworksBuildPhase;
			buildActionMask = 2147483647;
			files = (
			);
			runOnlyForDeploymentPostprocessing = 0;
		};
		E4CA095525491D3500C8993B /* Frameworks */ = {
			isa = PBXFrameworksBuildPhase;
			buildActionMask = 2147483647;
			files = (
			);
			runOnlyForDeploymentPostprocessing = 0;
		};
		E4CA096025491D3500C8993B /* Frameworks */ = {
			isa = PBXFrameworksBuildPhase;
			buildActionMask = 2147483647;
			files = (
			);
			runOnlyForDeploymentPostprocessing = 0;
		};
		E4CA0994254940E700C8993B /* Frameworks */ = {
			isa = PBXFrameworksBuildPhase;
			buildActionMask = 2147483647;
			files = (
			);
			runOnlyForDeploymentPostprocessing = 0;
		};
		E4CA09A8254940EA00C8993B /* Frameworks */ = {
			isa = PBXFrameworksBuildPhase;
			buildActionMask = 2147483647;
			files = (
			);
			runOnlyForDeploymentPostprocessing = 0;
		};
		E4CA09B3254940EA00C8993B /* Frameworks */ = {
			isa = PBXFrameworksBuildPhase;
			buildActionMask = 2147483647;
			files = (
			);
			runOnlyForDeploymentPostprocessing = 0;
		};
/* End PBXFrameworksBuildPhase section */

/* Begin PBXGroup section */
		E4CA093E25491D3100C8993B = {
			isa = PBXGroup;
			children = (
				E43BCAE8254F51A90076BEA4 /* Chalkboard.ttc */,
				E43BCB0E254FC0F00076BEA4 /* start-chime.mp3 */,
				E4B4CBCB2550A0570004DA8C /* sorting-track.wav */,
				E4CA094925491D3200C8993B /* Project-Triple-S */,
				E4CA0998254940E700C8993B /* Project-Triple-S-Mac */,
				E4CA095B25491D3500C8993B /* Project-Triple-STests */,
				E4CA096625491D3500C8993B /* Project-Triple-SUITests */,
				E4CA09AE254940EA00C8993B /* Project-Triple-S-MacTests */,
				E4CA09B9254940EA00C8993B /* Project-Triple-S-MacUITests */,
				E4CA094825491D3200C8993B /* Products */,
			);
			sourceTree = "<group>";
		};
		E4CA094825491D3200C8993B /* Products */ = {
			isa = PBXGroup;
			children = (
				E4CA094725491D3200C8993B /* Project-Triple-S.app */,
				E4CA095825491D3500C8993B /* Project-Triple-STests.xctest */,
				E4CA096325491D3500C8993B /* Project-Triple-SUITests.xctest */,
				E4CA0997254940E700C8993B /* Project-Triple-S-Mac.app */,
				E4CA09AB254940EA00C8993B /* Project-Triple-S-MacTests.xctest */,
				E4CA09B6254940EA00C8993B /* Project-Triple-S-MacUITests.xctest */,
			);
			name = Products;
			sourceTree = "<group>";
		};
		E4CA094925491D3200C8993B /* Project-Triple-S */ = {
			isa = PBXGroup;
			children = (
				E4CA098625493D8D00C8993B /* Project-Triple-S.entitlements */,
				E4CA097D2549213D00C8993B /* Views */,
				E43BCAF8254FAED80076BEA4 /* PlaySound.swift */,
				E4CA094A25491D3200C8993B /* Project_Triple_SApp.swift */,
				E4CA094E25491D3500C8993B /* Assets.xcassets */,
				E4CA095325491D3500C8993B /* Info.plist */,
				E4CA095025491D3500C8993B /* Preview Content */,
			);
			path = "Project-Triple-S";
			sourceTree = "<group>";
		};
		E4CA095025491D3500C8993B /* Preview Content */ = {
			isa = PBXGroup;
			children = (
				E4CA095125491D3500C8993B /* Preview Assets.xcassets */,
			);
			path = "Preview Content";
			sourceTree = "<group>";
		};
		E4CA095B25491D3500C8993B /* Project-Triple-STests */ = {
			isa = PBXGroup;
			children = (
				E4CA095C25491D3500C8993B /* Project_Triple_STests.swift */,
				E4CA095E25491D3500C8993B /* Info.plist */,
			);
			path = "Project-Triple-STests";
			sourceTree = "<group>";
		};
		E4CA096625491D3500C8993B /* Project-Triple-SUITests */ = {
			isa = PBXGroup;
			children = (
				E4CA096725491D3500C8993B /* Project_Triple_SUITests.swift */,
				E4CA096925491D3500C8993B /* Info.plist */,
			);
			path = "Project-Triple-SUITests";
			sourceTree = "<group>";
		};
		E4CA097D2549213D00C8993B /* Views */ = {
			isa = PBXGroup;
			children = (
				E4CA094C25491D3200C8993B /* ContentView.swift */,
				E40AE0882555C7BF00F1CB8F /* Help.swift */,
				E4CA0A082549466700C8993B /* StartView.swift */,
				E43BCB16254FC0FC0076BEA4 /* Countdown.swift */,
				E4754D2D25591E3F0061DD24 /* SurvivorCountdown.swift */,
				E4CA09782549212E00C8993B /* SortingCenter.swift */,
				E4C2635725552777006E3EEB /* SurvivorSortingCenter.swift */,
				E4CA098125492FD800C8993B /* Utensil.swift */,
				E4A55782254E229C008BE6D1 /* PauseMenu.swift */,
				E4A5578A254E99C9008BE6D1 /* GameOver.swift */,
				E4E1A7F22549E8EF0092A4BC /* GameTimer.swift */,
				E4C2635F255530A5006E3EEB /* SurvivorTimer.swift */,
				E4A55798254E9BD5008BE6D1 /* PlayAgainButton.swift */,
				E4FF5C4A254CB85100DA6923 /* RestartButton.swift */,
			);
			name = Views;
			sourceTree = "<group>";
		};
		E4CA0998254940E700C8993B /* Project-Triple-S-Mac */ = {
			isa = PBXGroup;
			children = (
				E4CA0999254940E700C8993B /* AppDelegate.swift */,
				E4CA099B254940E700C8993B /* ContentView.swift */,
				E4CA099D254940EA00C8993B /* Assets.xcassets */,
				E4CA09A2254940EA00C8993B /* Main.storyboard */,
				E4CA09A5254940EA00C8993B /* Info.plist */,
				E4CA09A6254940EA00C8993B /* Project_Triple_S_Mac.entitlements */,
				E4CA099F254940EA00C8993B /* Preview Content */,
			);
			path = "Project-Triple-S-Mac";
			sourceTree = "<group>";
		};
		E4CA099F254940EA00C8993B /* Preview Content */ = {
			isa = PBXGroup;
			children = (
				E4CA09A0254940EA00C8993B /* Preview Assets.xcassets */,
			);
			path = "Preview Content";
			sourceTree = "<group>";
		};
		E4CA09AE254940EA00C8993B /* Project-Triple-S-MacTests */ = {
			isa = PBXGroup;
			children = (
				E4CA09AF254940EA00C8993B /* Project_Triple_S_MacTests.swift */,
				E4CA09B1254940EA00C8993B /* Info.plist */,
			);
			path = "Project-Triple-S-MacTests";
			sourceTree = "<group>";
		};
		E4CA09B9254940EA00C8993B /* Project-Triple-S-MacUITests */ = {
			isa = PBXGroup;
			children = (
				E4CA09BA254940EA00C8993B /* Project_Triple_S_MacUITests.swift */,
				E4CA09BC254940EA00C8993B /* Info.plist */,
			);
			path = "Project-Triple-S-MacUITests";
			sourceTree = "<group>";
		};
/* End PBXGroup section */

/* Begin PBXNativeTarget section */
		E4CA094625491D3200C8993B /* Project-Triple-S */ = {
			isa = PBXNativeTarget;
			buildConfigurationList = E4CA096C25491D3500C8993B /* Build configuration list for PBXNativeTarget "Project-Triple-S" */;
			buildPhases = (
				E4CA094325491D3200C8993B /* Sources */,
				E4CA094425491D3200C8993B /* Frameworks */,
				E4CA094525491D3200C8993B /* Resources */,
			);
			buildRules = (
			);
			dependencies = (
			);
			name = "Project-Triple-S";
			productName = "Project-Triple-S";
			productReference = E4CA094725491D3200C8993B /* Project-Triple-S.app */;
			productType = "com.apple.product-type.application";
		};
		E4CA095725491D3500C8993B /* Project-Triple-STests */ = {
			isa = PBXNativeTarget;
			buildConfigurationList = E4CA096F25491D3500C8993B /* Build configuration list for PBXNativeTarget "Project-Triple-STests" */;
			buildPhases = (
				E4CA095425491D3500C8993B /* Sources */,
				E4CA095525491D3500C8993B /* Frameworks */,
				E4CA095625491D3500C8993B /* Resources */,
			);
			buildRules = (
			);
			dependencies = (
				E4CA095A25491D3500C8993B /* PBXTargetDependency */,
			);
			name = "Project-Triple-STests";
			productName = "Project-Triple-STests";
			productReference = E4CA095825491D3500C8993B /* Project-Triple-STests.xctest */;
			productType = "com.apple.product-type.bundle.unit-test";
		};
		E4CA096225491D3500C8993B /* Project-Triple-SUITests */ = {
			isa = PBXNativeTarget;
			buildConfigurationList = E4CA097225491D3500C8993B /* Build configuration list for PBXNativeTarget "Project-Triple-SUITests" */;
			buildPhases = (
				E4CA095F25491D3500C8993B /* Sources */,
				E4CA096025491D3500C8993B /* Frameworks */,
				E4CA096125491D3500C8993B /* Resources */,
			);
			buildRules = (
			);
			dependencies = (
				E4CA096525491D3500C8993B /* PBXTargetDependency */,
			);
			name = "Project-Triple-SUITests";
			productName = "Project-Triple-SUITests";
			productReference = E4CA096325491D3500C8993B /* Project-Triple-SUITests.xctest */;
			productType = "com.apple.product-type.bundle.ui-testing";
		};
		E4CA0996254940E700C8993B /* Project-Triple-S-Mac */ = {
			isa = PBXNativeTarget;
			buildConfigurationList = E4CA09BD254940EA00C8993B /* Build configuration list for PBXNativeTarget "Project-Triple-S-Mac" */;
			buildPhases = (
				E4CA0993254940E700C8993B /* Sources */,
				E4CA0994254940E700C8993B /* Frameworks */,
				E4CA0995254940E700C8993B /* Resources */,
			);
			buildRules = (
			);
			dependencies = (
			);
			name = "Project-Triple-S-Mac";
			productName = "Project-Triple-S-Mac";
			productReference = E4CA0997254940E700C8993B /* Project-Triple-S-Mac.app */;
			productType = "com.apple.product-type.application";
		};
		E4CA09AA254940EA00C8993B /* Project-Triple-S-MacTests */ = {
			isa = PBXNativeTarget;
			buildConfigurationList = E4CA09C0254940EA00C8993B /* Build configuration list for PBXNativeTarget "Project-Triple-S-MacTests" */;
			buildPhases = (
				E4CA09A7254940EA00C8993B /* Sources */,
				E4CA09A8254940EA00C8993B /* Frameworks */,
				E4CA09A9254940EA00C8993B /* Resources */,
			);
			buildRules = (
			);
			dependencies = (
				E4CA09AD254940EA00C8993B /* PBXTargetDependency */,
			);
			name = "Project-Triple-S-MacTests";
			productName = "Project-Triple-S-MacTests";
			productReference = E4CA09AB254940EA00C8993B /* Project-Triple-S-MacTests.xctest */;
			productType = "com.apple.product-type.bundle.unit-test";
		};
		E4CA09B5254940EA00C8993B /* Project-Triple-S-MacUITests */ = {
			isa = PBXNativeTarget;
			buildConfigurationList = E4CA09C3254940EA00C8993B /* Build configuration list for PBXNativeTarget "Project-Triple-S-MacUITests" */;
			buildPhases = (
				E4CA09B2254940EA00C8993B /* Sources */,
				E4CA09B3254940EA00C8993B /* Frameworks */,
				E4CA09B4254940EA00C8993B /* Resources */,
			);
			buildRules = (
			);
			dependencies = (
				E4CA09B8254940EA00C8993B /* PBXTargetDependency */,
			);
			name = "Project-Triple-S-MacUITests";
			productName = "Project-Triple-S-MacUITests";
			productReference = E4CA09B6254940EA00C8993B /* Project-Triple-S-MacUITests.xctest */;
			productType = "com.apple.product-type.bundle.ui-testing";
		};
/* End PBXNativeTarget section */

/* Begin PBXProject section */
		E4CA093F25491D3100C8993B /* Project object */ = {
			isa = PBXProject;
			attributes = {
				LastSwiftUpdateCheck = 1210;
				LastUpgradeCheck = 1230;
				TargetAttributes = {
					E4CA094625491D3200C8993B = {
						CreatedOnToolsVersion = 12.1;
					};
					E4CA095725491D3500C8993B = {
						CreatedOnToolsVersion = 12.1;
						TestTargetID = E4CA094625491D3200C8993B;
					};
					E4CA096225491D3500C8993B = {
						CreatedOnToolsVersion = 12.1;
						TestTargetID = E4CA094625491D3200C8993B;
					};
					E4CA0996254940E700C8993B = {
						CreatedOnToolsVersion = 12.1;
					};
					E4CA09AA254940EA00C8993B = {
						CreatedOnToolsVersion = 12.1;
						TestTargetID = E4CA0996254940E700C8993B;
					};
					E4CA09B5254940EA00C8993B = {
						CreatedOnToolsVersion = 12.1;
						TestTargetID = E4CA0996254940E700C8993B;
					};
				};
			};
			buildConfigurationList = E4CA094225491D3100C8993B /* Build configuration list for PBXProject "Project-Triple-S" */;
			compatibilityVersion = "Xcode 9.3";
			developmentRegion = en;
			hasScannedForEncodings = 0;
			knownRegions = (
				en,
				Base,
			);
			mainGroup = E4CA093E25491D3100C8993B;
			productRefGroup = E4CA094825491D3200C8993B /* Products */;
			projectDirPath = "";
			projectRoot = "";
			targets = (
				E4CA094625491D3200C8993B /* Project-Triple-S */,
				E4CA0996254940E700C8993B /* Project-Triple-S-Mac */,
				E4CA095725491D3500C8993B /* Project-Triple-STests */,
				E4CA096225491D3500C8993B /* Project-Triple-SUITests */,
				E4CA09AA254940EA00C8993B /* Project-Triple-S-MacTests */,
				E4CA09B5254940EA00C8993B /* Project-Triple-S-MacUITests */,
			);
		};
/* End PBXProject section */

/* Begin PBXResourcesBuildPhase section */
		E4CA094525491D3200C8993B /* Resources */ = {
			isa = PBXResourcesBuildPhase;
			buildActionMask = 2147483647;
			files = (
				E4CA095225491D3500C8993B /* Preview Assets.xcassets in Resources */,
				E43BCAE9254F51A90076BEA4 /* Chalkboard.ttc in Resources */,
				E4B4CBCC2550A0570004DA8C /* sorting-track.wav in Resources */,
				E43BCB0F254FC0F00076BEA4 /* start-chime.mp3 in Resources */,
				E4CA094F25491D3500C8993B /* Assets.xcassets in Resources */,
			);
			runOnlyForDeploymentPostprocessing = 0;
		};
		E4CA095625491D3500C8993B /* Resources */ = {
			isa = PBXResourcesBuildPhase;
			buildActionMask = 2147483647;
			files = (
			);
			runOnlyForDeploymentPostprocessing = 0;
		};
		E4CA096125491D3500C8993B /* Resources */ = {
			isa = PBXResourcesBuildPhase;
			buildActionMask = 2147483647;
			files = (
			);
			runOnlyForDeploymentPostprocessing = 0;
		};
		E4CA0995254940E700C8993B /* Resources */ = {
			isa = PBXResourcesBuildPhase;
			buildActionMask = 2147483647;
			files = (
				E4CA09A4254940EA00C8993B /* Main.storyboard in Resources */,
				E4CA09A1254940EA00C8993B /* Preview Assets.xcassets in Resources */,
				E4CA09DC2549417700C8993B /* Assets.xcassets in Resources */,
				E4CA099E254940EA00C8993B /* Assets.xcassets in Resources */,
			);
			runOnlyForDeploymentPostprocessing = 0;
		};
		E4CA09A9254940EA00C8993B /* Resources */ = {
			isa = PBXResourcesBuildPhase;
			buildActionMask = 2147483647;
			files = (
			);
			runOnlyForDeploymentPostprocessing = 0;
		};
		E4CA09B4254940EA00C8993B /* Resources */ = {
			isa = PBXResourcesBuildPhase;
			buildActionMask = 2147483647;
			files = (
			);
			runOnlyForDeploymentPostprocessing = 0;
		};
/* End PBXResourcesBuildPhase section */

/* Begin PBXSourcesBuildPhase section */
		E4CA094325491D3200C8993B /* Sources */ = {
			isa = PBXSourcesBuildPhase;
			buildActionMask = 2147483647;
			files = (
				E4A55799254E9BD5008BE6D1 /* PlayAgainButton.swift in Sources */,
				E4CA098225492FD800C8993B /* Utensil.swift in Sources */,
				E4C2635825552777006E3EEB /* SurvivorSortingCenter.swift in Sources */,
				E4754D2E25591E3F0061DD24 /* SurvivorCountdown.swift in Sources */,
				E43BCB17254FC0FC0076BEA4 /* Countdown.swift in Sources */,
				E4CA0A092549466800C8993B /* StartView.swift in Sources */,
				E40AE0892555C7BF00F1CB8F /* Help.swift in Sources */,
				E4A5578B254E99CA008BE6D1 /* GameOver.swift in Sources */,
				E43BCAF9254FAED80076BEA4 /* PlaySound.swift in Sources */,
				E4CA094D25491D3200C8993B /* ContentView.swift in Sources */,
				E4C26360255530A5006E3EEB /* SurvivorTimer.swift in Sources */,
				E4FF5C4B254CB85100DA6923 /* RestartButton.swift in Sources */,
				E4CA094B25491D3200C8993B /* Project_Triple_SApp.swift in Sources */,
				E4A55783254E229C008BE6D1 /* PauseMenu.swift in Sources */,
				E4CA09792549212E00C8993B /* SortingCenter.swift in Sources */,
				E4E1A7F32549E8EF0092A4BC /* GameTimer.swift in Sources */,
			);
			runOnlyForDeploymentPostprocessing = 0;
		};
		E4CA095425491D3500C8993B /* Sources */ = {
			isa = PBXSourcesBuildPhase;
			buildActionMask = 2147483647;
			files = (
				E4CA095D25491D3500C8993B /* Project_Triple_STests.swift in Sources */,
			);
			runOnlyForDeploymentPostprocessing = 0;
		};
		E4CA095F25491D3500C8993B /* Sources */ = {
			isa = PBXSourcesBuildPhase;
			buildActionMask = 2147483647;
			files = (
				E4CA096825491D3500C8993B /* Project_Triple_SUITests.swift in Sources */,
			);
			runOnlyForDeploymentPostprocessing = 0;
		};
		E4CA0993254940E700C8993B /* Sources */ = {
			isa = PBXSourcesBuildPhase;
			buildActionMask = 2147483647;
			files = (
				E4CA099C254940E700C8993B /* ContentView.swift in Sources */,
				E4CA09DA2549417700C8993B /* Utensil.swift in Sources */,
				E4CA09EF254941AF00C8993B /* SortingCenter.swift in Sources */,
				E4CA099A254940E700C8993B /* AppDelegate.swift in Sources */,
			);
			runOnlyForDeploymentPostprocessing = 0;
		};
		E4CA09A7254940EA00C8993B /* Sources */ = {
			isa = PBXSourcesBuildPhase;
			buildActionMask = 2147483647;
			files = (
				E4CA09B0254940EA00C8993B /* Project_Triple_S_MacTests.swift in Sources */,
			);
			runOnlyForDeploymentPostprocessing = 0;
		};
		E4CA09B2254940EA00C8993B /* Sources */ = {
			isa = PBXSourcesBuildPhase;
			buildActionMask = 2147483647;
			files = (
				E4CA09BB254940EA00C8993B /* Project_Triple_S_MacUITests.swift in Sources */,
			);
			runOnlyForDeploymentPostprocessing = 0;
		};
/* End PBXSourcesBuildPhase section */

/* Begin PBXTargetDependency section */
		E4CA095A25491D3500C8993B /* PBXTargetDependency */ = {
			isa = PBXTargetDependency;
			target = E4CA094625491D3200C8993B /* Project-Triple-S */;
			targetProxy = E4CA095925491D3500C8993B /* PBXContainerItemProxy */;
		};
		E4CA096525491D3500C8993B /* PBXTargetDependency */ = {
			isa = PBXTargetDependency;
			target = E4CA094625491D3200C8993B /* Project-Triple-S */;
			targetProxy = E4CA096425491D3500C8993B /* PBXContainerItemProxy */;
		};
		E4CA09AD254940EA00C8993B /* PBXTargetDependency */ = {
			isa = PBXTargetDependency;
			target = E4CA0996254940E700C8993B /* Project-Triple-S-Mac */;
			targetProxy = E4CA09AC254940EA00C8993B /* PBXContainerItemProxy */;
		};
		E4CA09B8254940EA00C8993B /* PBXTargetDependency */ = {
			isa = PBXTargetDependency;
			target = E4CA0996254940E700C8993B /* Project-Triple-S-Mac */;
			targetProxy = E4CA09B7254940EA00C8993B /* PBXContainerItemProxy */;
		};
/* End PBXTargetDependency section */

/* Begin PBXVariantGroup section */
		E4CA09A2254940EA00C8993B /* Main.storyboard */ = {
			isa = PBXVariantGroup;
			children = (
				E4CA09A3254940EA00C8993B /* Base */,
			);
			name = Main.storyboard;
			sourceTree = "<group>";
		};
/* End PBXVariantGroup section */

/* Begin XCBuildConfiguration section */
		E4CA096A25491D3500C8993B /* Debug */ = {
			isa = XCBuildConfiguration;
			buildSettings = {
				ALWAYS_SEARCH_USER_PATHS = NO;
				CLANG_ANALYZER_NONNULL = YES;
				CLANG_ANALYZER_NUMBER_OBJECT_CONVERSION = YES_AGGRESSIVE;
				CLANG_CXX_LANGUAGE_STANDARD = "gnu++14";
				CLANG_CXX_LIBRARY = "libc++";
				CLANG_ENABLE_MODULES = YES;
				CLANG_ENABLE_OBJC_ARC = YES;
				CLANG_ENABLE_OBJC_WEAK = YES;
				CLANG_WARN_BLOCK_CAPTURE_AUTORELEASING = YES;
				CLANG_WARN_BOOL_CONVERSION = YES;
				CLANG_WARN_COMMA = YES;
				CLANG_WARN_CONSTANT_CONVERSION = YES;
				CLANG_WARN_DEPRECATED_OBJC_IMPLEMENTATIONS = YES;
				CLANG_WARN_DIRECT_OBJC_ISA_USAGE = YES_ERROR;
				CLANG_WARN_DOCUMENTATION_COMMENTS = YES;
				CLANG_WARN_EMPTY_BODY = YES;
				CLANG_WARN_ENUM_CONVERSION = YES;
				CLANG_WARN_INFINITE_RECURSION = YES;
				CLANG_WARN_INT_CONVERSION = YES;
				CLANG_WARN_NON_LITERAL_NULL_CONVERSION = YES;
				CLANG_WARN_OBJC_IMPLICIT_RETAIN_SELF = YES;
				CLANG_WARN_OBJC_LITERAL_CONVERSION = YES;
				CLANG_WARN_OBJC_ROOT_CLASS = YES_ERROR;
				CLANG_WARN_QUOTED_INCLUDE_IN_FRAMEWORK_HEADER = YES;
				CLANG_WARN_RANGE_LOOP_ANALYSIS = YES;
				CLANG_WARN_STRICT_PROTOTYPES = YES;
				CLANG_WARN_SUSPICIOUS_MOVE = YES;
				CLANG_WARN_UNGUARDED_AVAILABILITY = YES_AGGRESSIVE;
				CLANG_WARN_UNREACHABLE_CODE = YES;
				CLANG_WARN__DUPLICATE_METHOD_MATCH = YES;
				COPY_PHASE_STRIP = NO;
				DEBUG_INFORMATION_FORMAT = dwarf;
				ENABLE_STRICT_OBJC_MSGSEND = YES;
				ENABLE_TESTABILITY = YES;
				GCC_C_LANGUAGE_STANDARD = gnu11;
				GCC_DYNAMIC_NO_PIC = NO;
				GCC_NO_COMMON_BLOCKS = YES;
				GCC_OPTIMIZATION_LEVEL = 0;
				GCC_PREPROCESSOR_DEFINITIONS = (
					"DEBUG=1",
					"$(inherited)",
				);
				GCC_WARN_64_TO_32_BIT_CONVERSION = YES;
				GCC_WARN_ABOUT_RETURN_TYPE = YES_ERROR;
				GCC_WARN_UNDECLARED_SELECTOR = YES;
				GCC_WARN_UNINITIALIZED_AUTOS = YES_AGGRESSIVE;
				GCC_WARN_UNUSED_FUNCTION = YES;
				GCC_WARN_UNUSED_VARIABLE = YES;
				IPHONEOS_DEPLOYMENT_TARGET = 14.1;
				MTL_ENABLE_DEBUG_INFO = INCLUDE_SOURCE;
				MTL_FAST_MATH = YES;
				ONLY_ACTIVE_ARCH = YES;
				SDKROOT = iphoneos;
				SWIFT_ACTIVE_COMPILATION_CONDITIONS = DEBUG;
				SWIFT_OPTIMIZATION_LEVEL = "-Onone";
			};
			name = Debug;
		};
		E4CA096B25491D3500C8993B /* Release */ = {
			isa = XCBuildConfiguration;
			buildSettings = {
				ALWAYS_SEARCH_USER_PATHS = NO;
				CLANG_ANALYZER_NONNULL = YES;
				CLANG_ANALYZER_NUMBER_OBJECT_CONVERSION = YES_AGGRESSIVE;
				CLANG_CXX_LANGUAGE_STANDARD = "gnu++14";
				CLANG_CXX_LIBRARY = "libc++";
				CLANG_ENABLE_MODULES = YES;
				CLANG_ENABLE_OBJC_ARC = YES;
				CLANG_ENABLE_OBJC_WEAK = YES;
				CLANG_WARN_BLOCK_CAPTURE_AUTORELEASING = YES;
				CLANG_WARN_BOOL_CONVERSION = YES;
				CLANG_WARN_COMMA = YES;
				CLANG_WARN_CONSTANT_CONVERSION = YES;
				CLANG_WARN_DEPRECATED_OBJC_IMPLEMENTATIONS = YES;
				CLANG_WARN_DIRECT_OBJC_ISA_USAGE = YES_ERROR;
				CLANG_WARN_DOCUMENTATION_COMMENTS = YES;
				CLANG_WARN_EMPTY_BODY = YES;
				CLANG_WARN_ENUM_CONVERSION = YES;
				CLANG_WARN_INFINITE_RECURSION = YES;
				CLANG_WARN_INT_CONVERSION = YES;
				CLANG_WARN_NON_LITERAL_NULL_CONVERSION = YES;
				CLANG_WARN_OBJC_IMPLICIT_RETAIN_SELF = YES;
				CLANG_WARN_OBJC_LITERAL_CONVERSION = YES;
				CLANG_WARN_OBJC_ROOT_CLASS = YES_ERROR;
				CLANG_WARN_QUOTED_INCLUDE_IN_FRAMEWORK_HEADER = YES;
				CLANG_WARN_RANGE_LOOP_ANALYSIS = YES;
				CLANG_WARN_STRICT_PROTOTYPES = YES;
				CLANG_WARN_SUSPICIOUS_MOVE = YES;
				CLANG_WARN_UNGUARDED_AVAILABILITY = YES_AGGRESSIVE;
				CLANG_WARN_UNREACHABLE_CODE = YES;
				CLANG_WARN__DUPLICATE_METHOD_MATCH = YES;
				COPY_PHASE_STRIP = NO;
				DEBUG_INFORMATION_FORMAT = "dwarf-with-dsym";
				ENABLE_NS_ASSERTIONS = NO;
				ENABLE_STRICT_OBJC_MSGSEND = YES;
				GCC_C_LANGUAGE_STANDARD = gnu11;
				GCC_NO_COMMON_BLOCKS = YES;
				GCC_WARN_64_TO_32_BIT_CONVERSION = YES;
				GCC_WARN_ABOUT_RETURN_TYPE = YES_ERROR;
				GCC_WARN_UNDECLARED_SELECTOR = YES;
				GCC_WARN_UNINITIALIZED_AUTOS = YES_AGGRESSIVE;
				GCC_WARN_UNUSED_FUNCTION = YES;
				GCC_WARN_UNUSED_VARIABLE = YES;
				IPHONEOS_DEPLOYMENT_TARGET = 14.1;
				MTL_ENABLE_DEBUG_INFO = NO;
				MTL_FAST_MATH = YES;
				SDKROOT = iphoneos;
				SWIFT_COMPILATION_MODE = wholemodule;
				SWIFT_OPTIMIZATION_LEVEL = "-O";
				VALIDATE_PRODUCT = YES;
			};
			name = Release;
		};
		E4CA096D25491D3500C8993B /* Debug */ = {
			isa = XCBuildConfiguration;
			buildSettings = {
				ASSETCATALOG_COMPILER_APPICON_NAME = AppIcon;
				ASSETCATALOG_COMPILER_GLOBAL_ACCENT_COLOR_NAME = AccentColor;
				CODE_SIGN_ENTITLEMENTS = "Project-Triple-S/Project-Triple-S.entitlements";
				CODE_SIGN_STYLE = Automatic;
				DEVELOPMENT_ASSET_PATHS = "\"Project-Triple-S/Preview Content\"";
				DEVELOPMENT_TEAM = AXQRK9KY57;
				ENABLE_PREVIEWS = YES;
				INFOPLIST_FILE = "Project-Triple-S/Info.plist";
				IPHONEOS_DEPLOYMENT_TARGET = 14.0;
				LD_RUNPATH_SEARCH_PATHS = (
					"$(inherited)",
					"@executable_path/Frameworks",
				);
				MARKETING_VERSION = 2.1;
				PRODUCT_BUNDLE_IDENTIFIER = "com.samblum17.Project-Triple-S";
				PRODUCT_NAME = "$(TARGET_NAME)";
				SUPPORTS_MACCATALYST = NO;
				SWIFT_VERSION = 5.0;
				TARGETED_DEVICE_FAMILY = "1,2";
			};
			name = Debug;
		};
		E4CA096E25491D3500C8993B /* Release */ = {
			isa = XCBuildConfiguration;
			buildSettings = {
				ASSETCATALOG_COMPILER_APPICON_NAME = AppIcon;
				ASSETCATALOG_COMPILER_GLOBAL_ACCENT_COLOR_NAME = AccentColor;
				CODE_SIGN_ENTITLEMENTS = "Project-Triple-S/Project-Triple-S.entitlements";
				CODE_SIGN_STYLE = Automatic;
				DEVELOPMENT_ASSET_PATHS = "\"Project-Triple-S/Preview Content\"";
				DEVELOPMENT_TEAM = AXQRK9KY57;
				ENABLE_PREVIEWS = YES;
				INFOPLIST_FILE = "Project-Triple-S/Info.plist";
				IPHONEOS_DEPLOYMENT_TARGET = 14.0;
				LD_RUNPATH_SEARCH_PATHS = (
					"$(inherited)",
					"@executable_path/Frameworks",
				);
				MARKETING_VERSION = 2.1;
				PRODUCT_BUNDLE_IDENTIFIER = "com.samblum17.Project-Triple-S";
				PRODUCT_NAME = "$(TARGET_NAME)";
				SUPPORTS_MACCATALYST = NO;
				SWIFT_VERSION = 5.0;
				TARGETED_DEVICE_FAMILY = "1,2";
			};
			name = Release;
		};
		E4CA097025491D3500C8993B /* Debug */ = {
			isa = XCBuildConfiguration;
			buildSettings = {
				ALWAYS_EMBED_SWIFT_STANDARD_LIBRARIES = YES;
				BUNDLE_LOADER = "$(TEST_HOST)";
				CODE_SIGN_STYLE = Automatic;
				DEVELOPMENT_TEAM = AXQRK9KY57;
				INFOPLIST_FILE = "Project-Triple-STests/Info.plist";
				IPHONEOS_DEPLOYMENT_TARGET = 14.0;
				LD_RUNPATH_SEARCH_PATHS = (
					"$(inherited)",
					"@executable_path/Frameworks",
					"@loader_path/Frameworks",
				);
				PRODUCT_BUNDLE_IDENTIFIER = "com.samblum17.Project-Triple-STests";
				PRODUCT_NAME = "$(TARGET_NAME)";
				SWIFT_VERSION = 5.0;
				TARGETED_DEVICE_FAMILY = "1,2";
				TEST_HOST = "$(BUILT_PRODUCTS_DIR)/Project-Triple-S.app/Project-Triple-S";
			};
			name = Debug;
		};
		E4CA097125491D3500C8993B /* Release */ = {
			isa = XCBuildConfiguration;
			buildSettings = {
				ALWAYS_EMBED_SWIFT_STANDARD_LIBRARIES = YES;
				BUNDLE_LOADER = "$(TEST_HOST)";
				CODE_SIGN_STYLE = Automatic;
				DEVELOPMENT_TEAM = AXQRK9KY57;
				INFOPLIST_FILE = "Project-Triple-STests/Info.plist";
				IPHONEOS_DEPLOYMENT_TARGET = 14.0;
				LD_RUNPATH_SEARCH_PATHS = (
					"$(inherited)",
					"@executable_path/Frameworks",
					"@loader_path/Frameworks",
				);
				PRODUCT_BUNDLE_IDENTIFIER = "com.samblum17.Project-Triple-STests";
				PRODUCT_NAME = "$(TARGET_NAME)";
				SWIFT_VERSION = 5.0;
				TARGETED_DEVICE_FAMILY = "1,2";
				TEST_HOST = "$(BUILT_PRODUCTS_DIR)/Project-Triple-S.app/Project-Triple-S";
			};
			name = Release;
		};
		E4CA097325491D3500C8993B /* Debug */ = {
			isa = XCBuildConfiguration;
			buildSettings = {
				ALWAYS_EMBED_SWIFT_STANDARD_LIBRARIES = YES;
				CODE_SIGN_STYLE = Automatic;
				DEVELOPMENT_TEAM = AXQRK9KY57;
				INFOPLIST_FILE = "Project-Triple-SUITests/Info.plist";
				LD_RUNPATH_SEARCH_PATHS = (
					"$(inherited)",
					"@executable_path/Frameworks",
					"@loader_path/Frameworks",
				);
				PRODUCT_BUNDLE_IDENTIFIER = "com.samblum17.Project-Triple-SUITests";
				PRODUCT_NAME = "$(TARGET_NAME)";
				SWIFT_VERSION = 5.0;
				TARGETED_DEVICE_FAMILY = "1,2";
				TEST_TARGET_NAME = "Project-Triple-S";
			};
			name = Debug;
		};
		E4CA097425491D3500C8993B /* Release */ = {
			isa = XCBuildConfiguration;
			buildSettings = {
				ALWAYS_EMBED_SWIFT_STANDARD_LIBRARIES = YES;
				CODE_SIGN_STYLE = Automatic;
				DEVELOPMENT_TEAM = AXQRK9KY57;
				INFOPLIST_FILE = "Project-Triple-SUITests/Info.plist";
				LD_RUNPATH_SEARCH_PATHS = (
					"$(inherited)",
					"@executable_path/Frameworks",
					"@loader_path/Frameworks",
				);
				PRODUCT_BUNDLE_IDENTIFIER = "com.samblum17.Project-Triple-SUITests";
				PRODUCT_NAME = "$(TARGET_NAME)";
				SWIFT_VERSION = 5.0;
				TARGETED_DEVICE_FAMILY = "1,2";
				TEST_TARGET_NAME = "Project-Triple-S";
			};
			name = Release;
		};
		E4CA09BE254940EA00C8993B /* Debug */ = {
			isa = XCBuildConfiguration;
			buildSettings = {
				ASSETCATALOG_COMPILER_APPICON_NAME = AppIcon;
				ASSETCATALOG_COMPILER_GLOBAL_ACCENT_COLOR_NAME = AccentColor;
				CODE_SIGN_ENTITLEMENTS = "Project-Triple-S-Mac/Project_Triple_S_Mac.entitlements";
				CODE_SIGN_IDENTITY = "-";
				CODE_SIGN_STYLE = Automatic;
				COMBINE_HIDPI_IMAGES = YES;
				DEVELOPMENT_ASSET_PATHS = "\"Project-Triple-S-Mac/Preview Content\"";
				DEVELOPMENT_TEAM = AXQRK9KY57;
				ENABLE_HARDENED_RUNTIME = YES;
				ENABLE_PREVIEWS = YES;
				INFOPLIST_FILE = "Project-Triple-S-Mac/Info.plist";
				LD_RUNPATH_SEARCH_PATHS = (
					"$(inherited)",
					"@executable_path/../Frameworks",
				);
				MACOSX_DEPLOYMENT_TARGET = 10.15;
				PRODUCT_BUNDLE_IDENTIFIER = "com.samblum17.Project-Triple-S-Mac";
				PRODUCT_NAME = "$(TARGET_NAME)";
				SDKROOT = macosx;
				SWIFT_VERSION = 5.0;
			};
			name = Debug;
		};
		E4CA09BF254940EA00C8993B /* Release */ = {
			isa = XCBuildConfiguration;
			buildSettings = {
				ASSETCATALOG_COMPILER_APPICON_NAME = AppIcon;
				ASSETCATALOG_COMPILER_GLOBAL_ACCENT_COLOR_NAME = AccentColor;
				CODE_SIGN_ENTITLEMENTS = "Project-Triple-S-Mac/Project_Triple_S_Mac.entitlements";
				CODE_SIGN_IDENTITY = "-";
				CODE_SIGN_STYLE = Automatic;
				COMBINE_HIDPI_IMAGES = YES;
				DEVELOPMENT_ASSET_PATHS = "\"Project-Triple-S-Mac/Preview Content\"";
				DEVELOPMENT_TEAM = AXQRK9KY57;
				ENABLE_HARDENED_RUNTIME = YES;
				ENABLE_PREVIEWS = YES;
				INFOPLIST_FILE = "Project-Triple-S-Mac/Info.plist";
				LD_RUNPATH_SEARCH_PATHS = (
					"$(inherited)",
					"@executable_path/../Frameworks",
				);
				MACOSX_DEPLOYMENT_TARGET = 10.15;
				PRODUCT_BUNDLE_IDENTIFIER = "com.samblum17.Project-Triple-S-Mac";
				PRODUCT_NAME = "$(TARGET_NAME)";
				SDKROOT = macosx;
				SWIFT_VERSION = 5.0;
			};
			name = Release;
		};
		E4CA09C1254940EA00C8993B /* Debug */ = {
			isa = XCBuildConfiguration;
			buildSettings = {
				ALWAYS_EMBED_SWIFT_STANDARD_LIBRARIES = YES;
				BUNDLE_LOADER = "$(TEST_HOST)";
				CODE_SIGN_STYLE = Automatic;
				COMBINE_HIDPI_IMAGES = YES;
				DEVELOPMENT_TEAM = AXQRK9KY57;
				INFOPLIST_FILE = "Project-Triple-S-MacTests/Info.plist";
				LD_RUNPATH_SEARCH_PATHS = (
					"$(inherited)",
					"@executable_path/../Frameworks",
					"@loader_path/../Frameworks",
				);
				MACOSX_DEPLOYMENT_TARGET = 10.15;
				PRODUCT_BUNDLE_IDENTIFIER = "com.samblum17.Project-Triple-S-MacTests";
				PRODUCT_NAME = "$(TARGET_NAME)";
				SDKROOT = macosx;
				SWIFT_VERSION = 5.0;
				TEST_HOST = "$(BUILT_PRODUCTS_DIR)/Project-Triple-S-Mac.app/Contents/MacOS/Project-Triple-S-Mac";
			};
			name = Debug;
		};
		E4CA09C2254940EA00C8993B /* Release */ = {
			isa = XCBuildConfiguration;
			buildSettings = {
				ALWAYS_EMBED_SWIFT_STANDARD_LIBRARIES = YES;
				BUNDLE_LOADER = "$(TEST_HOST)";
				CODE_SIGN_STYLE = Automatic;
				COMBINE_HIDPI_IMAGES = YES;
				DEVELOPMENT_TEAM = AXQRK9KY57;
				INFOPLIST_FILE = "Project-Triple-S-MacTests/Info.plist";
				LD_RUNPATH_SEARCH_PATHS = (
					"$(inherited)",
					"@executable_path/../Frameworks",
					"@loader_path/../Frameworks",
				);
				MACOSX_DEPLOYMENT_TARGET = 10.15;
				PRODUCT_BUNDLE_IDENTIFIER = "com.samblum17.Project-Triple-S-MacTests";
				PRODUCT_NAME = "$(TARGET_NAME)";
				SDKROOT = macosx;
				SWIFT_VERSION = 5.0;
				TEST_HOST = "$(BUILT_PRODUCTS_DIR)/Project-Triple-S-Mac.app/Contents/MacOS/Project-Triple-S-Mac";
			};
			name = Release;
		};
		E4CA09C4254940EA00C8993B /* Debug */ = {
			isa = XCBuildConfiguration;
			buildSettings = {
				ALWAYS_EMBED_SWIFT_STANDARD_LIBRARIES = YES;
				CODE_SIGN_STYLE = Automatic;
				COMBINE_HIDPI_IMAGES = YES;
				DEVELOPMENT_TEAM = AXQRK9KY57;
				INFOPLIST_FILE = "Project-Triple-S-MacUITests/Info.plist";
				LD_RUNPATH_SEARCH_PATHS = (
					"$(inherited)",
					"@executable_path/../Frameworks",
					"@loader_path/../Frameworks",
				);
				MACOSX_DEPLOYMENT_TARGET = 10.15;
				PRODUCT_BUNDLE_IDENTIFIER = "com.samblum17.Project-Triple-S-MacUITests";
				PRODUCT_NAME = "$(TARGET_NAME)";
				SDKROOT = macosx;
				SWIFT_VERSION = 5.0;
				TEST_TARGET_NAME = "Project-Triple-S-Mac";
			};
			name = Debug;
		};
		E4CA09C5254940EA00C8993B /* Release */ = {
			isa = XCBuildConfiguration;
			buildSettings = {
				ALWAYS_EMBED_SWIFT_STANDARD_LIBRARIES = YES;
				CODE_SIGN_STYLE = Automatic;
				COMBINE_HIDPI_IMAGES = YES;
				DEVELOPMENT_TEAM = AXQRK9KY57;
				INFOPLIST_FILE = "Project-Triple-S-MacUITests/Info.plist";
				LD_RUNPATH_SEARCH_PATHS = (
					"$(inherited)",
					"@executable_path/../Frameworks",
					"@loader_path/../Frameworks",
				);
				MACOSX_DEPLOYMENT_TARGET = 10.15;
				PRODUCT_BUNDLE_IDENTIFIER = "com.samblum17.Project-Triple-S-MacUITests";
				PRODUCT_NAME = "$(TARGET_NAME)";
				SDKROOT = macosx;
				SWIFT_VERSION = 5.0;
				TEST_TARGET_NAME = "Project-Triple-S-Mac";
			};
			name = Release;
		};
/* End XCBuildConfiguration section */

/* Begin XCConfigurationList section */
		E4CA094225491D3100C8993B /* Build configuration list for PBXProject "Project-Triple-S" */ = {
			isa = XCConfigurationList;
			buildConfigurations = (
				E4CA096A25491D3500C8993B /* Debug */,
				E4CA096B25491D3500C8993B /* Release */,
			);
			defaultConfigurationIsVisible = 0;
			defaultConfigurationName = Release;
		};
		E4CA096C25491D3500C8993B /* Build configuration list for PBXNativeTarget "Project-Triple-S" */ = {
			isa = XCConfigurationList;
			buildConfigurations = (
				E4CA096D25491D3500C8993B /* Debug */,
				E4CA096E25491D3500C8993B /* Release */,
			);
			defaultConfigurationIsVisible = 0;
			defaultConfigurationName = Release;
		};
		E4CA096F25491D3500C8993B /* Build configuration list for PBXNativeTarget "Project-Triple-STests" */ = {
			isa = XCConfigurationList;
			buildConfigurations = (
				E4CA097025491D3500C8993B /* Debug */,
				E4CA097125491D3500C8993B /* Release */,
			);
			defaultConfigurationIsVisible = 0;
			defaultConfigurationName = Release;
		};
		E4CA097225491D3500C8993B /* Build configuration list for PBXNativeTarget "Project-Triple-SUITests" */ = {
			isa = XCConfigurationList;
			buildConfigurations = (
				E4CA097325491D3500C8993B /* Debug */,
				E4CA097425491D3500C8993B /* Release */,
			);
			defaultConfigurationIsVisible = 0;
			defaultConfigurationName = Release;
		};
		E4CA09BD254940EA00C8993B /* Build configuration list for PBXNativeTarget "Project-Triple-S-Mac" */ = {
			isa = XCConfigurationList;
			buildConfigurations = (
				E4CA09BE254940EA00C8993B /* Debug */,
				E4CA09BF254940EA00C8993B /* Release */,
			);
			defaultConfigurationIsVisible = 0;
			defaultConfigurationName = Release;
		};
		E4CA09C0254940EA00C8993B /* Build configuration list for PBXNativeTarget "Project-Triple-S-MacTests" */ = {
			isa = XCConfigurationList;
			buildConfigurations = (
				E4CA09C1254940EA00C8993B /* Debug */,
				E4CA09C2254940EA00C8993B /* Release */,
			);
			defaultConfigurationIsVisible = 0;
			defaultConfigurationName = Release;
		};
		E4CA09C3254940EA00C8993B /* Build configuration list for PBXNativeTarget "Project-Triple-S-MacUITests" */ = {
			isa = XCConfigurationList;
			buildConfigurations = (
				E4CA09C4254940EA00C8993B /* Debug */,
				E4CA09C5254940EA00C8993B /* Release */,
			);
			defaultConfigurationIsVisible = 0;
			defaultConfigurationName = Release;
		};
/* End XCConfigurationList section */
	};
	rootObject = E4CA093F25491D3100C8993B /* Project object */;
}
